
Microsoft Visual Studio Solution File, Format Version 12.00
# Visual Studio 14
VisualStudioVersion = 14.0.25123.0
MinimumVisualStudioVersion = 10.0.40219.1
Project("{FAE04EC0-301F-11D3-BF4B-00C04F79EFBC}") = "Aero_Test", "Aero_Test\Aero_Test.csproj", "{B930D7EF-4C09-45C9-8DC3-3A0E83D09121}"
EndProject
Global
	GlobalSection(SolutionConfigurationPlatforms) = preSolution
		Debug|Any CPU = Debug|Any CPU
		Release|Any CPU = Release|Any CPU
	EndGlobalSection
	GlobalSection(ProjectConfigurationPlatforms) = postSolution
		{B930D7EF-4C09-45C9-8DC3-3A0E83D09121}.Debug|Any CPU.ActiveCfg = Debug|Any CPU
		{B930D7EF-4C09-45C9-8DC3-3A0E83D09121}.Debug|Any CPU.Build.0 = Debug|Any CPU
		{B930D7EF-4C09-45C9-8DC3-3A0E83D09121}.Release|Any CPU.ActiveCfg = Release|Any CPU
		{B930D7EF-4C09-45C9-8DC3-3A0E83D09121}.Release|Any CPU.Build.0 = Release|Any CPU
	EndGlobalSection
	GlobalSection(SolutionProperties) = preSolution
		HideSolutionNode = FALSE
	EndGlobalSection
EndGlobal
